// !$*UTF8*$!
{
	archiveVersion = 1;
	classes = {
	};
	objectVersion = 46;
	objects = {

/* Begin PBXBuildFile section */
		0601D8D6195D22C400A2CB2E /* SQADialogs.m in Sources */ = {isa = PBXBuildFile; fileRef = 0601D8D5195D22C400A2CB2E /* SQADialogs.m */; };
		060A2EA6194ABB5200B51D29 /* SQAOverlayWindowController.m in Sources */ = {isa = PBXBuildFile; fileRef = 060A2EA5194ABB5200B51D29 /* SQAOverlayWindowController.m */; };
		060A2EA9194ABD9B00B51D29 /* SQAOverlayView.m in Sources */ = {isa = PBXBuildFile; fileRef = 060A2EA8194ABD9B00B51D29 /* SQAOverlayView.m */; };
		061E9087216B374D001364B8 /* SQAStateMachine.m in Sources */ = {isa = PBXBuildFile; fileRef = 061E9086216B374D001364B8 /* SQAStateMachine.m */; };
		0625BF4020D65E9F0001FF96 /* SQAQResolver.m in Sources */ = {isa = PBXBuildFile; fileRef = 0625BF3F20D65E9F0001FF96 /* SQAQResolver.m */; };
		064F6D7D1B2CD4F100874B26 /* SQAPreferences.m in Sources */ = {isa = PBXBuildFile; fileRef = 064F6D7C1B2CD4F100874B26 /* SQAPreferences.m */; };
		064F6D7E1B2CD4F100874B26 /* SQAPreferences.m in Sources */ = {isa = PBXBuildFile; fileRef = 064F6D7C1B2CD4F100874B26 /* SQAPreferences.m */; };
		06789FAF217C52BE001E4CCB /* SQALAppDelegate.m in Sources */ = {isa = PBXBuildFile; fileRef = 06789FAE217C52BE001E4CCB /* SQALAppDelegate.m */; };
		06789FB1217C52BF001E4CCB /* Assets.xcassets in Resources */ = {isa = PBXBuildFile; fileRef = 06789FB0217C52BF001E4CCB /* Assets.xcassets */; };
		06789FB4217C52BF001E4CCB /* MainMenu.xib in Resources */ = {isa = PBXBuildFile; fileRef = 06789FB2217C52BF001E4CCB /* MainMenu.xib */; };
		06789FB7217C52BF001E4CCB /* main.m in Sources */ = {isa = PBXBuildFile; fileRef = 06789FB6217C52BF001E4CCB /* main.m */; };
		06789FBC217C52DE001E4CCB /* SlowQuitAppsLauncher.app in CopyFiles */ = {isa = PBXBuildFile; fileRef = 06789FAB217C52BE001E4CCB /* SlowQuitAppsLauncher.app */; settings = {ATTRIBUTES = (RemoveHeadersOnCopy, ); }; };
		06950469194A81E9007AB2D5 /* Cocoa.framework in Frameworks */ = {isa = PBXBuildFile; fileRef = 06950468194A81E9007AB2D5 /* Cocoa.framework */; };
		06950473194A81E9007AB2D5 /* InfoPlist.strings in Resources */ = {isa = PBXBuildFile; fileRef = 06950471194A81E9007AB2D5 /* InfoPlist.strings */; };
		06950475194A81E9007AB2D5 /* main.m in Sources */ = {isa = PBXBuildFile; fileRef = 06950474194A81E9007AB2D5 /* main.m */; };
		06950479194A81E9007AB2D5 /* Credits.rtf in Resources */ = {isa = PBXBuildFile; fileRef = 06950477194A81E9007AB2D5 /* Credits.rtf */; };
		0695047C194A81E9007AB2D5 /* SQAAppDelegate.m in Sources */ = {isa = PBXBuildFile; fileRef = 0695047B194A81E9007AB2D5 /* SQAAppDelegate.m */; };
		0695047F194A81E9007AB2D5 /* MainMenu.xib in Resources */ = {isa = PBXBuildFile; fileRef = 0695047D194A81E9007AB2D5 /* MainMenu.xib */; };
		06950481194A81E9007AB2D5 /* Images.xcassets in Resources */ = {isa = PBXBuildFile; fileRef = 06950480194A81E9007AB2D5 /* Images.xcassets */; };
		06950488194A81E9007AB2D5 /* XCTest.framework in Frameworks */ = {isa = PBXBuildFile; fileRef = 06950487194A81E9007AB2D5 /* XCTest.framework */; };
		06950489194A81E9007AB2D5 /* Cocoa.framework in Frameworks */ = {isa = PBXBuildFile; fileRef = 06950468194A81E9007AB2D5 /* Cocoa.framework */; };
		06950491194A81E9007AB2D5 /* InfoPlist.strings in Resources */ = {isa = PBXBuildFile; fileRef = 0695048F194A81E9007AB2D5 /* InfoPlist.strings */; };
		06950493194A81E9007AB2D5 /* SlowQuitAppsTests.m in Sources */ = {isa = PBXBuildFile; fileRef = 06950492194A81E9007AB2D5 /* SlowQuitAppsTests.m */; };
/* End PBXBuildFile section */

/* Begin PBXContainerItemProxy section */
		06789FBD217C56A1001E4CCB /* PBXContainerItemProxy */ = {
			isa = PBXContainerItemProxy;
			containerPortal = 0695045D194A81E9007AB2D5 /* Project object */;
			proxyType = 1;
			remoteGlobalIDString = 06789FAA217C52BE001E4CCB;
			remoteInfo = SlowQuitAppsLauncher;
		};
		0695048A194A81E9007AB2D5 /* PBXContainerItemProxy */ = {
			isa = PBXContainerItemProxy;
			containerPortal = 0695045D194A81E9007AB2D5 /* Project object */;
			proxyType = 1;
			remoteGlobalIDString = 06950464194A81E9007AB2D5;
			remoteInfo = SlowQuitApps;
		};
/* End PBXContainerItemProxy section */

/* Begin PBXCopyFilesBuildPhase section */
		066DB159217C49E800A36924 /* CopyFiles */ = {
			isa = PBXCopyFilesBuildPhase;
			buildActionMask = 2147483647;
			dstPath = Contents/Library/LoginItems;
			dstSubfolderSpec = 1;
			files = (
				06789FBC217C52DE001E4CCB /* SlowQuitAppsLauncher.app in CopyFiles */,
			);
			runOnlyForDeploymentPostprocessing = 0;
		};
/* End PBXCopyFilesBuildPhase section */

/* Begin PBXFileReference section */
		0601D8D4195D22C400A2CB2E /* SQADialogs.h */ = {isa = PBXFileReference; fileEncoding = 4; lastKnownFileType = sourcecode.c.h; path = SQADialogs.h; sourceTree = "<group>"; };
		0601D8D5195D22C400A2CB2E /* SQADialogs.m */ = {isa = PBXFileReference; fileEncoding = 4; lastKnownFileType = sourcecode.c.objc; path = SQADialogs.m; sourceTree = "<group>"; };
		060A2EA4194ABB5200B51D29 /* SQAOverlayWindowController.h */ = {isa = PBXFileReference; fileEncoding = 4; lastKnownFileType = sourcecode.c.h; path = SQAOverlayWindowController.h; sourceTree = "<group>"; };
		060A2EA5194ABB5200B51D29 /* SQAOverlayWindowController.m */ = {isa = PBXFileReference; fileEncoding = 4; lastKnownFileType = sourcecode.c.objc; path = SQAOverlayWindowController.m; sourceTree = "<group>"; };
		060A2EA7194ABD9B00B51D29 /* SQAOverlayView.h */ = {isa = PBXFileReference; fileEncoding = 4; lastKnownFileType = sourcecode.c.h; path = SQAOverlayView.h; sourceTree = "<group>"; };
		060A2EA8194ABD9B00B51D29 /* SQAOverlayView.m */ = {isa = PBXFileReference; fileEncoding = 4; lastKnownFileType = sourcecode.c.objc; path = SQAOverlayView.m; sourceTree = "<group>"; };
		061E9085216B374D001364B8 /* SQAStateMachine.h */ = {isa = PBXFileReference; lastKnownFileType = sourcecode.c.h; path = SQAStateMachine.h; sourceTree = "<group>"; };
		061E9086216B374D001364B8 /* SQAStateMachine.m */ = {isa = PBXFileReference; lastKnownFileType = sourcecode.c.objc; path = SQAStateMachine.m; sourceTree = "<group>"; };
		0625BF3E20D65E9F0001FF96 /* SQAQResolver.h */ = {isa = PBXFileReference; lastKnownFileType = sourcecode.c.h; path = SQAQResolver.h; sourceTree = "<group>"; };
		0625BF3F20D65E9F0001FF96 /* SQAQResolver.m */ = {isa = PBXFileReference; lastKnownFileType = sourcecode.c.objc; path = SQAQResolver.m; sourceTree = "<group>"; };
		063486B01953AF6C007E8964 /* SQAOverlayViewInterface.h */ = {isa = PBXFileReference; fileEncoding = 4; lastKnownFileType = sourcecode.c.h; path = SQAOverlayViewInterface.h; sourceTree = "<group>"; };
		064F6D7B1B2CD4F100874B26 /* SQAPreferences.h */ = {isa = PBXFileReference; fileEncoding = 4; lastKnownFileType = sourcecode.c.h; path = SQAPreferences.h; sourceTree = "<group>"; };
		064F6D7C1B2CD4F100874B26 /* SQAPreferences.m */ = {isa = PBXFileReference; fileEncoding = 4; lastKnownFileType = sourcecode.c.objc; path = SQAPreferences.m; sourceTree = "<group>"; };
		06789FAB217C52BE001E4CCB /* SlowQuitAppsLauncher.app */ = {isa = PBXFileReference; explicitFileType = wrapper.application; includeInIndex = 0; path = SlowQuitAppsLauncher.app; sourceTree = BUILT_PRODUCTS_DIR; };
		06789FAD217C52BE001E4CCB /* SQALAppDelegate.h */ = {isa = PBXFileReference; lastKnownFileType = sourcecode.c.h; path = SQALAppDelegate.h; sourceTree = "<group>"; };
		06789FAE217C52BE001E4CCB /* SQALAppDelegate.m */ = {isa = PBXFileReference; lastKnownFileType = sourcecode.c.objc; path = SQALAppDelegate.m; sourceTree = "<group>"; };
		06789FB0217C52BF001E4CCB /* Assets.xcassets */ = {isa = PBXFileReference; lastKnownFileType = folder.assetcatalog; path = Assets.xcassets; sourceTree = "<group>"; };
		06789FB3217C52BF001E4CCB /* Base */ = {isa = PBXFileReference; lastKnownFileType = file.xib; name = Base; path = Base.lproj/MainMenu.xib; sourceTree = "<group>"; };
		06789FB5217C52BF001E4CCB /* Info.plist */ = {isa = PBXFileReference; lastKnownFileType = text.plist.xml; path = Info.plist; sourceTree = "<group>"; };
		06789FB6217C52BF001E4CCB /* main.m */ = {isa = PBXFileReference; lastKnownFileType = sourcecode.c.objc; path = main.m; sourceTree = "<group>"; };
		06950465194A81E9007AB2D5 /* SlowQuitApps.app */ = {isa = PBXFileReference; explicitFileType = wrapper.application; includeInIndex = 0; path = SlowQuitApps.app; sourceTree = BUILT_PRODUCTS_DIR; };
		06950468194A81E9007AB2D5 /* Cocoa.framework */ = {isa = PBXFileReference; lastKnownFileType = wrapper.framework; name = Cocoa.framework; path = System/Library/Frameworks/Cocoa.framework; sourceTree = SDKROOT; };
		0695046B194A81E9007AB2D5 /* AppKit.framework */ = {isa = PBXFileReference; lastKnownFileType = wrapper.framework; name = AppKit.framework; path = System/Library/Frameworks/AppKit.framework; sourceTree = SDKROOT; };
		0695046C194A81E9007AB2D5 /* CoreData.framework */ = {isa = PBXFileReference; lastKnownFileType = wrapper.framework; name = CoreData.framework; path = System/Library/Frameworks/CoreData.framework; sourceTree = SDKROOT; };
		0695046D194A81E9007AB2D5 /* Foundation.framework */ = {isa = PBXFileReference; lastKnownFileType = wrapper.framework; name = Foundation.framework; path = System/Library/Frameworks/Foundation.framework; sourceTree = SDKROOT; };
		06950470194A81E9007AB2D5 /* SlowQuitApps-Info.plist */ = {isa = PBXFileReference; lastKnownFileType = text.plist.xml; path = "SlowQuitApps-Info.plist"; sourceTree = "<group>"; };
		06950472194A81E9007AB2D5 /* en */ = {isa = PBXFileReference; lastKnownFileType = text.plist.strings; name = en; path = en.lproj/InfoPlist.strings; sourceTree = "<group>"; };
		06950474194A81E9007AB2D5 /* main.m */ = {isa = PBXFileReference; lastKnownFileType = sourcecode.c.objc; path = main.m; sourceTree = "<group>"; };
		06950476194A81E9007AB2D5 /* SlowQuitApps-Prefix.pch */ = {isa = PBXFileReference; lastKnownFileType = sourcecode.c.h; path = "SlowQuitApps-Prefix.pch"; sourceTree = "<group>"; };
		06950478194A81E9007AB2D5 /* en */ = {isa = PBXFileReference; lastKnownFileType = text.rtf; name = en; path = en.lproj/Credits.rtf; sourceTree = "<group>"; };
		0695047A194A81E9007AB2D5 /* SQAAppDelegate.h */ = {isa = PBXFileReference; lastKnownFileType = sourcecode.c.h; path = SQAAppDelegate.h; sourceTree = "<group>"; };
		0695047B194A81E9007AB2D5 /* SQAAppDelegate.m */ = {isa = PBXFileReference; lastKnownFileType = sourcecode.c.objc; path = SQAAppDelegate.m; sourceTree = "<group>"; };
		0695047E194A81E9007AB2D5 /* Base */ = {isa = PBXFileReference; lastKnownFileType = file.xib; name = Base; path = Base.lproj/MainMenu.xib; sourceTree = "<group>"; };
		06950480194A81E9007AB2D5 /* Images.xcassets */ = {isa = PBXFileReference; lastKnownFileType = folder.assetcatalog; path = Images.xcassets; sourceTree = "<group>"; };
		06950486194A81E9007AB2D5 /* SlowQuitAppsTests.xctest */ = {isa = PBXFileReference; explicitFileType = wrapper.cfbundle; includeInIndex = 0; path = SlowQuitAppsTests.xctest; sourceTree = BUILT_PRODUCTS_DIR; };
		06950487194A81E9007AB2D5 /* XCTest.framework */ = {isa = PBXFileReference; lastKnownFileType = wrapper.framework; name = XCTest.framework; path = Library/Frameworks/XCTest.framework; sourceTree = DEVELOPER_DIR; };
		0695048E194A81E9007AB2D5 /* SlowQuitAppsTests-Info.plist */ = {isa = PBXFileReference; lastKnownFileType = text.plist.xml; path = "SlowQuitAppsTests-Info.plist"; sourceTree = "<group>"; };
		06950490194A81E9007AB2D5 /* en */ = {isa = PBXFileReference; lastKnownFileType = text.plist.strings; name = en; path = en.lproj/InfoPlist.strings; sourceTree = "<group>"; };
		06950492194A81E9007AB2D5 /* SlowQuitAppsTests.m */ = {isa = PBXFileReference; lastKnownFileType = sourcecode.c.objc; path = SlowQuitAppsTests.m; sourceTree = "<group>"; };
/* End PBXFileReference section */

/* Begin PBXFrameworksBuildPhase section */
		06789FA8217C52BE001E4CCB /* Frameworks */ = {
			isa = PBXFrameworksBuildPhase;
			buildActionMask = 2147483647;
			files = (
			);
			runOnlyForDeploymentPostprocessing = 0;
		};
		06950462194A81E9007AB2D5 /* Frameworks */ = {
			isa = PBXFrameworksBuildPhase;
			buildActionMask = 2147483647;
			files = (
				06950469194A81E9007AB2D5 /* Cocoa.framework in Frameworks */,
			);
			runOnlyForDeploymentPostprocessing = 0;
		};
		06950483194A81E9007AB2D5 /* Frameworks */ = {
			isa = PBXFrameworksBuildPhase;
			buildActionMask = 2147483647;
			files = (
				06950489194A81E9007AB2D5 /* Cocoa.framework in Frameworks */,
				06950488194A81E9007AB2D5 /* XCTest.framework in Frameworks */,
			);
			runOnlyForDeploymentPostprocessing = 0;
		};
/* End PBXFrameworksBuildPhase section */

/* Begin PBXGroup section */
		06789FAC217C52BE001E4CCB /* SlowQuitAppsLauncher */ = {
			isa = PBXGroup;
			children = (
				06789FAD217C52BE001E4CCB /* SQALAppDelegate.h */,
				06789FAE217C52BE001E4CCB /* SQALAppDelegate.m */,
				06789FB0217C52BF001E4CCB /* Assets.xcassets */,
				06789FB2217C52BF001E4CCB /* MainMenu.xib */,
				06789FB5217C52BF001E4CCB /* Info.plist */,
				06789FB6217C52BF001E4CCB /* main.m */,
			);
			path = SlowQuitAppsLauncher;
			sourceTree = "<group>";
		};
		0695045C194A81E9007AB2D5 = {
			isa = PBXGroup;
			children = (
				0695046E194A81E9007AB2D5 /* SlowQuitApps */,
				0695048C194A81E9007AB2D5 /* SlowQuitAppsTests */,
				06789FAC217C52BE001E4CCB /* SlowQuitAppsLauncher */,
				06950467194A81E9007AB2D5 /* Frameworks */,
				06950466194A81E9007AB2D5 /* Products */,
			);
			sourceTree = "<group>";
		};
		06950466194A81E9007AB2D5 /* Products */ = {
			isa = PBXGroup;
			children = (
				06950465194A81E9007AB2D5 /* SlowQuitApps.app */,
				06950486194A81E9007AB2D5 /* SlowQuitAppsTests.xctest */,
				06789FAB217C52BE001E4CCB /* SlowQuitAppsLauncher.app */,
			);
			name = Products;
			sourceTree = "<group>";
		};
		06950467194A81E9007AB2D5 /* Frameworks */ = {
			isa = PBXGroup;
			children = (
				06950468194A81E9007AB2D5 /* Cocoa.framework */,
				06950487194A81E9007AB2D5 /* XCTest.framework */,
				0695046A194A81E9007AB2D5 /* Other Frameworks */,
			);
			name = Frameworks;
			sourceTree = "<group>";
		};
		0695046A194A81E9007AB2D5 /* Other Frameworks */ = {
			isa = PBXGroup;
			children = (
				0695046B194A81E9007AB2D5 /* AppKit.framework */,
				0695046C194A81E9007AB2D5 /* CoreData.framework */,
				0695046D194A81E9007AB2D5 /* Foundation.framework */,
			);
			name = "Other Frameworks";
			sourceTree = "<group>";
		};
		0695046E194A81E9007AB2D5 /* SlowQuitApps */ = {
			isa = PBXGroup;
			children = (
				06950480194A81E9007AB2D5 /* Images.xcassets */,
				0695047D194A81E9007AB2D5 /* MainMenu.xib */,
				0695047A194A81E9007AB2D5 /* SQAAppDelegate.h */,
				0695047B194A81E9007AB2D5 /* SQAAppDelegate.m */,
				0601D8D4195D22C400A2CB2E /* SQADialogs.h */,
				0601D8D5195D22C400A2CB2E /* SQADialogs.m */,
				060A2EA7194ABD9B00B51D29 /* SQAOverlayView.h */,
				060A2EA8194ABD9B00B51D29 /* SQAOverlayView.m */,
				063486B01953AF6C007E8964 /* SQAOverlayViewInterface.h */,
				060A2EA4194ABB5200B51D29 /* SQAOverlayWindowController.h */,
				060A2EA5194ABB5200B51D29 /* SQAOverlayWindowController.m */,
				064F6D7B1B2CD4F100874B26 /* SQAPreferences.h */,
				064F6D7C1B2CD4F100874B26 /* SQAPreferences.m */,
				0625BF3E20D65E9F0001FF96 /* SQAQResolver.h */,
				0625BF3F20D65E9F0001FF96 /* SQAQResolver.m */,
				061E9085216B374D001364B8 /* SQAStateMachine.h */,
				061E9086216B374D001364B8 /* SQAStateMachine.m */,
				0695046F194A81E9007AB2D5 /* Supporting Files */,
			);
			path = SlowQuitApps;
			sourceTree = "<group>";
		};
		0695046F194A81E9007AB2D5 /* Supporting Files */ = {
			isa = PBXGroup;
			children = (
				06950470194A81E9007AB2D5 /* SlowQuitApps-Info.plist */,
				06950471194A81E9007AB2D5 /* InfoPlist.strings */,
				06950474194A81E9007AB2D5 /* main.m */,
				06950476194A81E9007AB2D5 /* SlowQuitApps-Prefix.pch */,
				06950477194A81E9007AB2D5 /* Credits.rtf */,
			);
			name = "Supporting Files";
			sourceTree = "<group>";
		};
		0695048C194A81E9007AB2D5 /* SlowQuitAppsTests */ = {
			isa = PBXGroup;
			children = (
				06950492194A81E9007AB2D5 /* SlowQuitAppsTests.m */,
				0695048D194A81E9007AB2D5 /* Supporting Files */,
			);
			path = SlowQuitAppsTests;
			sourceTree = "<group>";
		};
		0695048D194A81E9007AB2D5 /* Supporting Files */ = {
			isa = PBXGroup;
			children = (
				0695048E194A81E9007AB2D5 /* SlowQuitAppsTests-Info.plist */,
				0695048F194A81E9007AB2D5 /* InfoPlist.strings */,
			);
			name = "Supporting Files";
			sourceTree = "<group>";
		};
/* End PBXGroup section */

/* Begin PBXNativeTarget section */
		06789FAA217C52BE001E4CCB /* SlowQuitAppsLauncher */ = {
			isa = PBXNativeTarget;
			buildConfigurationList = 06789FB9217C52BF001E4CCB /* Build configuration list for PBXNativeTarget "SlowQuitAppsLauncher" */;
			buildPhases = (
				06789FA7217C52BE001E4CCB /* Sources */,
				06789FA8217C52BE001E4CCB /* Frameworks */,
				06789FA9217C52BE001E4CCB /* Resources */,
			);
			buildRules = (
			);
			dependencies = (
			);
			name = SlowQuitAppsLauncher;
			productName = SlowQuitAppsLauncher;
			productReference = 06789FAB217C52BE001E4CCB /* SlowQuitAppsLauncher.app */;
			productType = "com.apple.product-type.application";
		};
		06950464194A81E9007AB2D5 /* SlowQuitApps */ = {
			isa = PBXNativeTarget;
			buildConfigurationList = 06950496194A81E9007AB2D5 /* Build configuration list for PBXNativeTarget "SlowQuitApps" */;
			buildPhases = (
				06950461194A81E9007AB2D5 /* Sources */,
				06950462194A81E9007AB2D5 /* Frameworks */,
				06950463194A81E9007AB2D5 /* Resources */,
				066DB159217C49E800A36924 /* CopyFiles */,
			);
			buildRules = (
			);
			dependencies = (
				06789FBE217C56A1001E4CCB /* PBXTargetDependency */,
			);
			name = SlowQuitApps;
			productName = SlowQuitApps;
			productReference = 06950465194A81E9007AB2D5 /* SlowQuitApps.app */;
			productType = "com.apple.product-type.application";
		};
		06950485194A81E9007AB2D5 /* SlowQuitAppsTests */ = {
			isa = PBXNativeTarget;
			buildConfigurationList = 06950499194A81E9007AB2D5 /* Build configuration list for PBXNativeTarget "SlowQuitAppsTests" */;
			buildPhases = (
				06950482194A81E9007AB2D5 /* Sources */,
				06950483194A81E9007AB2D5 /* Frameworks */,
				06950484194A81E9007AB2D5 /* Resources */,
			);
			buildRules = (
			);
			dependencies = (
				0695048B194A81E9007AB2D5 /* PBXTargetDependency */,
			);
			name = SlowQuitAppsTests;
			productName = SlowQuitAppsTests;
			productReference = 06950486194A81E9007AB2D5 /* SlowQuitAppsTests.xctest */;
			productType = "com.apple.product-type.bundle.unit-test";
		};
/* End PBXNativeTarget section */

/* Begin PBXProject section */
		0695045D194A81E9007AB2D5 /* Project object */ = {
			isa = PBXProject;
			attributes = {
				CLASSPREFIX = SQA;
				LastSwiftUpdateCheck = 1000;
				LastUpgradeCheck = 1000;
				ORGANIZATIONNAME = "Douglas Teoh";
				TargetAttributes = {
					06789FAA217C52BE001E4CCB = {
						CreatedOnToolsVersion = 10.0;
						ProvisioningStyle = Manual;
					};
					06950464194A81E9007AB2D5 = {
						ProvisioningStyle = Manual;
					};
					06950485194A81E9007AB2D5 = {
						ProvisioningStyle = Manual;
						TestTargetID = 06950464194A81E9007AB2D5;
					};
				};
			};
			buildConfigurationList = 06950460194A81E9007AB2D5 /* Build configuration list for PBXProject "SlowQuitApps" */;
			compatibilityVersion = "Xcode 3.2";
			developmentRegion = English;
			hasScannedForEncodings = 0;
			knownRegions = (
				en,
				Base,
			);
			mainGroup = 0695045C194A81E9007AB2D5;
			productRefGroup = 06950466194A81E9007AB2D5 /* Products */;
			projectDirPath = "";
			projectRoot = "";
			targets = (
				06950464194A81E9007AB2D5 /* SlowQuitApps */,
				06950485194A81E9007AB2D5 /* SlowQuitAppsTests */,
				06789FAA217C52BE001E4CCB /* SlowQuitAppsLauncher */,
			);
		};
/* End PBXProject section */

/* Begin PBXResourcesBuildPhase section */
		06789FA9217C52BE001E4CCB /* Resources */ = {
			isa = PBXResourcesBuildPhase;
			buildActionMask = 2147483647;
			files = (
				06789FB1217C52BF001E4CCB /* Assets.xcassets in Resources */,
				06789FB4217C52BF001E4CCB /* MainMenu.xib in Resources */,
			);
			runOnlyForDeploymentPostprocessing = 0;
		};
		06950463194A81E9007AB2D5 /* Resources */ = {
			isa = PBXResourcesBuildPhase;
			buildActionMask = 2147483647;
			files = (
				06950473194A81E9007AB2D5 /* InfoPlist.strings in Resources */,
				06950481194A81E9007AB2D5 /* Images.xcassets in Resources */,
				06950479194A81E9007AB2D5 /* Credits.rtf in Resources */,
				0695047F194A81E9007AB2D5 /* MainMenu.xib in Resources */,
			);
			runOnlyForDeploymentPostprocessing = 0;
		};
		06950484194A81E9007AB2D5 /* Resources */ = {
			isa = PBXResourcesBuildPhase;
			buildActionMask = 2147483647;
			files = (
				06950491194A81E9007AB2D5 /* InfoPlist.strings in Resources */,
			);
			runOnlyForDeploymentPostprocessing = 0;
		};
/* End PBXResourcesBuildPhase section */

/* Begin PBXSourcesBuildPhase section */
		06789FA7217C52BE001E4CCB /* Sources */ = {
			isa = PBXSourcesBuildPhase;
			buildActionMask = 2147483647;
			files = (
				06789FB7217C52BF001E4CCB /* main.m in Sources */,
				06789FAF217C52BE001E4CCB /* SQALAppDelegate.m in Sources */,
			);
			runOnlyForDeploymentPostprocessing = 0;
		};
		06950461194A81E9007AB2D5 /* Sources */ = {
			isa = PBXSourcesBuildPhase;
			buildActionMask = 2147483647;
			files = (
				064F6D7D1B2CD4F100874B26 /* SQAPreferences.m in Sources */,
				061E9087216B374D001364B8 /* SQAStateMachine.m in Sources */,
				0695047C194A81E9007AB2D5 /* SQAAppDelegate.m in Sources */,
				060A2EA6194ABB5200B51D29 /* SQAOverlayWindowController.m in Sources */,
				0625BF4020D65E9F0001FF96 /* SQAQResolver.m in Sources */,
				060A2EA9194ABD9B00B51D29 /* SQAOverlayView.m in Sources */,
				0601D8D6195D22C400A2CB2E /* SQADialogs.m in Sources */,
				06950475194A81E9007AB2D5 /* main.m in Sources */,
			);
			runOnlyForDeploymentPostprocessing = 0;
		};
		06950482194A81E9007AB2D5 /* Sources */ = {
			isa = PBXSourcesBuildPhase;
			buildActionMask = 2147483647;
			files = (
				064F6D7E1B2CD4F100874B26 /* SQAPreferences.m in Sources */,
				06950493194A81E9007AB2D5 /* SlowQuitAppsTests.m in Sources */,
			);
			runOnlyForDeploymentPostprocessing = 0;
		};
/* End PBXSourcesBuildPhase section */

/* Begin PBXTargetDependency section */
		06789FBE217C56A1001E4CCB /* PBXTargetDependency */ = {
			isa = PBXTargetDependency;
			target = 06789FAA217C52BE001E4CCB /* SlowQuitAppsLauncher */;
			targetProxy = 06789FBD217C56A1001E4CCB /* PBXContainerItemProxy */;
		};
		0695048B194A81E9007AB2D5 /* PBXTargetDependency */ = {
			isa = PBXTargetDependency;
			target = 06950464194A81E9007AB2D5 /* SlowQuitApps */;
			targetProxy = 0695048A194A81E9007AB2D5 /* PBXContainerItemProxy */;
		};
/* End PBXTargetDependency section */

/* Begin PBXVariantGroup section */
		06789FB2217C52BF001E4CCB /* MainMenu.xib */ = {
			isa = PBXVariantGroup;
			children = (
				06789FB3217C52BF001E4CCB /* Base */,
			);
			name = MainMenu.xib;
			sourceTree = "<group>";
		};
		06950471194A81E9007AB2D5 /* InfoPlist.strings */ = {
			isa = PBXVariantGroup;
			children = (
				06950472194A81E9007AB2D5 /* en */,
			);
			name = InfoPlist.strings;
			sourceTree = "<group>";
		};
		06950477194A81E9007AB2D5 /* Credits.rtf */ = {
			isa = PBXVariantGroup;
			children = (
				06950478194A81E9007AB2D5 /* en */,
			);
			name = Credits.rtf;
			sourceTree = "<group>";
		};
		0695047D194A81E9007AB2D5 /* MainMenu.xib */ = {
			isa = PBXVariantGroup;
			children = (
				0695047E194A81E9007AB2D5 /* Base */,
			);
			name = MainMenu.xib;
			sourceTree = "<group>";
		};
		0695048F194A81E9007AB2D5 /* InfoPlist.strings */ = {
			isa = PBXVariantGroup;
			children = (
				06950490194A81E9007AB2D5 /* en */,
			);
			name = InfoPlist.strings;
			sourceTree = "<group>";
		};
/* End PBXVariantGroup section */

/* Begin XCBuildConfiguration section */
		06789FBA217C52BF001E4CCB /* Debug */ = {
			isa = XCBuildConfiguration;
			buildSettings = {
				ASSETCATALOG_COMPILER_APPICON_NAME = AppIcon;
				CLANG_ANALYZER_NONNULL = YES;
				CLANG_ANALYZER_NUMBER_OBJECT_CONVERSION = YES_AGGRESSIVE;
				CLANG_CXX_LANGUAGE_STANDARD = "gnu++14";
				CLANG_ENABLE_OBJC_WEAK = YES;
				CLANG_WARN_DOCUMENTATION_COMMENTS = YES;
				CLANG_WARN_UNGUARDED_AVAILABILITY = YES_AGGRESSIVE;
				CODE_SIGN_IDENTITY = "";
				CODE_SIGN_STYLE = Manual;
				COMBINE_HIDPI_IMAGES = YES;
				DEBUG_INFORMATION_FORMAT = dwarf;
				GCC_C_LANGUAGE_STANDARD = gnu11;
				INFOPLIST_FILE = SlowQuitAppsLauncher/Info.plist;
				LD_RUNPATH_SEARCH_PATHS = "$(inherited) @executable_path/../Frameworks";
				MTL_ENABLE_DEBUG_INFO = INCLUDE_SOURCE;
				MTL_FAST_MATH = YES;
				PRODUCT_BUNDLE_IDENTIFIER = com.dteoh.SlowQuitAppsLauncher;
				PRODUCT_NAME = "$(TARGET_NAME)";
				SKIP_INSTALL = YES;
			};
			name = Debug;
		};
		06789FBB217C52BF001E4CCB /* Release */ = {
			isa = XCBuildConfiguration;
			buildSettings = {
				ASSETCATALOG_COMPILER_APPICON_NAME = AppIcon;
				CLANG_ANALYZER_NONNULL = YES;
				CLANG_ANALYZER_NUMBER_OBJECT_CONVERSION = YES_AGGRESSIVE;
				CLANG_CXX_LANGUAGE_STANDARD = "gnu++14";
				CLANG_ENABLE_OBJC_WEAK = YES;
				CLANG_WARN_DOCUMENTATION_COMMENTS = YES;
				CLANG_WARN_UNGUARDED_AVAILABILITY = YES_AGGRESSIVE;
				CODE_SIGN_IDENTITY = "";
				CODE_SIGN_STYLE = Manual;
				COMBINE_HIDPI_IMAGES = YES;
				COPY_PHASE_STRIP = NO;
				GCC_C_LANGUAGE_STANDARD = gnu11;
				INFOPLIST_FILE = SlowQuitAppsLauncher/Info.plist;
				LD_RUNPATH_SEARCH_PATHS = "$(inherited) @executable_path/../Frameworks";
				MTL_ENABLE_DEBUG_INFO = NO;
				MTL_FAST_MATH = YES;
				PRODUCT_BUNDLE_IDENTIFIER = com.dteoh.SlowQuitAppsLauncher;
				PRODUCT_NAME = "$(TARGET_NAME)";
				SKIP_INSTALL = YES;
			};
			name = Release;
		};
		06950494194A81E9007AB2D5 /* Debug */ = {
			isa = XCBuildConfiguration;
			buildSettings = {
				ALWAYS_SEARCH_USER_PATHS = NO;
				CLANG_CXX_LANGUAGE_STANDARD = "gnu++0x";
				CLANG_CXX_LIBRARY = "libc++";
				CLANG_ENABLE_MODULES = YES;
				CLANG_ENABLE_OBJC_ARC = YES;
				CLANG_WARN_BLOCK_CAPTURE_AUTORELEASING = YES;
				CLANG_WARN_BOOL_CONVERSION = YES;
				CLANG_WARN_COMMA = YES;
				CLANG_WARN_CONSTANT_CONVERSION = YES;
				CLANG_WARN_DEPRECATED_OBJC_IMPLEMENTATIONS = YES;
				CLANG_WARN_DIRECT_OBJC_ISA_USAGE = YES_ERROR;
				CLANG_WARN_EMPTY_BODY = YES;
				CLANG_WARN_ENUM_CONVERSION = YES;
				CLANG_WARN_INFINITE_RECURSION = YES;
				CLANG_WARN_INT_CONVERSION = YES;
				CLANG_WARN_NON_LITERAL_NULL_CONVERSION = YES;
				CLANG_WARN_OBJC_IMPLICIT_RETAIN_SELF = YES;
				CLANG_WARN_OBJC_LITERAL_CONVERSION = YES;
				CLANG_WARN_OBJC_ROOT_CLASS = YES_ERROR;
				CLANG_WARN_RANGE_LOOP_ANALYSIS = YES;
				CLANG_WARN_STRICT_PROTOTYPES = YES;
				CLANG_WARN_SUSPICIOUS_MOVE = YES;
				CLANG_WARN_UNREACHABLE_CODE = YES;
				CLANG_WARN__DUPLICATE_METHOD_MATCH = YES;
				CODE_SIGN_IDENTITY = "";
				CODE_SIGN_STYLE = Manual;
				COPY_PHASE_STRIP = NO;
				DEVELOPMENT_TEAM = "";
				ENABLE_STRICT_OBJC_MSGSEND = YES;
				ENABLE_TESTABILITY = YES;
				GCC_C_LANGUAGE_STANDARD = gnu99;
				GCC_DYNAMIC_NO_PIC = NO;
				GCC_ENABLE_OBJC_EXCEPTIONS = YES;
				GCC_NO_COMMON_BLOCKS = YES;
				GCC_OPTIMIZATION_LEVEL = 0;
				GCC_PREPROCESSOR_DEFINITIONS = (
					"DEBUG=1",
					"$(inherited)",
				);
				GCC_SYMBOLS_PRIVATE_EXTERN = NO;
				GCC_WARN_64_TO_32_BIT_CONVERSION = YES;
				GCC_WARN_ABOUT_RETURN_TYPE = YES_ERROR;
				GCC_WARN_UNDECLARED_SELECTOR = YES;
				GCC_WARN_UNINITIALIZED_AUTOS = YES_AGGRESSIVE;
				GCC_WARN_UNUSED_FUNCTION = YES;
				GCC_WARN_UNUSED_VARIABLE = YES;
				MACOSX_DEPLOYMENT_TARGET = 10.14;
				ONLY_ACTIVE_ARCH = YES;
				SDKROOT = macosx;
			};
			name = Debug;
		};
		06950495194A81E9007AB2D5 /* Release */ = {
			isa = XCBuildConfiguration;
			buildSettings = {
				ALWAYS_SEARCH_USER_PATHS = NO;
				CLANG_CXX_LANGUAGE_STANDARD = "gnu++0x";
				CLANG_CXX_LIBRARY = "libc++";
				CLANG_ENABLE_MODULES = YES;
				CLANG_ENABLE_OBJC_ARC = YES;
				CLANG_WARN_BLOCK_CAPTURE_AUTORELEASING = YES;
				CLANG_WARN_BOOL_CONVERSION = YES;
				CLANG_WARN_COMMA = YES;
				CLANG_WARN_CONSTANT_CONVERSION = YES;
				CLANG_WARN_DEPRECATED_OBJC_IMPLEMENTATIONS = YES;
				CLANG_WARN_DIRECT_OBJC_ISA_USAGE = YES_ERROR;
				CLANG_WARN_EMPTY_BODY = YES;
				CLANG_WARN_ENUM_CONVERSION = YES;
				CLANG_WARN_INFINITE_RECURSION = YES;
				CLANG_WARN_INT_CONVERSION = YES;
				CLANG_WARN_NON_LITERAL_NULL_CONVERSION = YES;
				CLANG_WARN_OBJC_IMPLICIT_RETAIN_SELF = YES;
				CLANG_WARN_OBJC_LITERAL_CONVERSION = YES;
				CLANG_WARN_OBJC_ROOT_CLASS = YES_ERROR;
				CLANG_WARN_RANGE_LOOP_ANALYSIS = YES;
				CLANG_WARN_STRICT_PROTOTYPES = YES;
				CLANG_WARN_SUSPICIOUS_MOVE = YES;
				CLANG_WARN_UNREACHABLE_CODE = YES;
				CLANG_WARN__DUPLICATE_METHOD_MATCH = YES;
				CODE_SIGN_IDENTITY = "";
				CODE_SIGN_STYLE = Manual;
				COPY_PHASE_STRIP = YES;
				DEBUG_INFORMATION_FORMAT = "dwarf-with-dsym";
				DEVELOPMENT_TEAM = "";
				ENABLE_NS_ASSERTIONS = NO;
				ENABLE_STRICT_OBJC_MSGSEND = YES;
				GCC_C_LANGUAGE_STANDARD = gnu99;
				GCC_ENABLE_OBJC_EXCEPTIONS = YES;
				GCC_NO_COMMON_BLOCKS = YES;
				GCC_WARN_64_TO_32_BIT_CONVERSION = YES;
				GCC_WARN_ABOUT_RETURN_TYPE = YES_ERROR;
				GCC_WARN_UNDECLARED_SELECTOR = YES;
				GCC_WARN_UNINITIALIZED_AUTOS = YES_AGGRESSIVE;
				GCC_WARN_UNUSED_FUNCTION = YES;
				GCC_WARN_UNUSED_VARIABLE = YES;
				MACOSX_DEPLOYMENT_TARGET = 10.14;
				SDKROOT = macosx;
			};
			name = Release;
		};
		06950497194A81E9007AB2D5 /* Debug */ = {
			isa = XCBuildConfiguration;
			buildSettings = {
				ASSETCATALOG_COMPILER_APPICON_NAME = AppIcon;
				CODE_SIGN_IDENTITY = "";
				CODE_SIGN_STYLE = Manual;
				COMBINE_HIDPI_IMAGES = YES;
				DEVELOPMENT_TEAM = "";
				GCC_PRECOMPILE_PREFIX_HEADER = YES;
				GCC_PREFIX_HEADER = "SlowQuitApps/SlowQuitApps-Prefix.pch";
				INFOPLIST_FILE = "SlowQuitApps/SlowQuitApps-Info.plist";
				PRODUCT_BUNDLE_IDENTIFIER = "com.dteoh.${PRODUCT_NAME:rfc1034identifier}";
				PRODUCT_NAME = "$(TARGET_NAME)";
				PROVISIONING_PROFILE_SPECIFIER = "";
				WRAPPER_EXTENSION = app;
			};
			name = Debug;
		};
		06950498194A81E9007AB2D5 /* Release */ = {
			isa = XCBuildConfiguration;
			buildSettings = {
				ASSETCATALOG_COMPILER_APPICON_NAME = AppIcon;
				CODE_SIGN_IDENTITY = "";
				CODE_SIGN_STYLE = Manual;
				COMBINE_HIDPI_IMAGES = YES;
				DEVELOPMENT_TEAM = "";
				GCC_PRECOMPILE_PREFIX_HEADER = YES;
				GCC_PREFIX_HEADER = "SlowQuitApps/SlowQuitApps-Prefix.pch";
				INFOPLIST_FILE = "SlowQuitApps/SlowQuitApps-Info.plist";
				PRODUCT_BUNDLE_IDENTIFIER = "com.dteoh.${PRODUCT_NAME:rfc1034identifier}";
				PRODUCT_NAME = "$(TARGET_NAME)";
				PROVISIONING_PROFILE_SPECIFIER = "";
				WRAPPER_EXTENSION = app;
			};
			name = Release;
		};
		0695049A194A81E9007AB2D5 /* Debug */ = {
			isa = XCBuildConfiguration;
			buildSettings = {
				BUNDLE_LOADER = "$(BUILT_PRODUCTS_DIR)/SlowQuitApps.app/Contents/MacOS/SlowQuitApps";
				COMBINE_HIDPI_IMAGES = YES;
				FRAMEWORK_SEARCH_PATHS = (
					"$(DEVELOPER_FRAMEWORKS_DIR)",
					"$(inherited)",
				);
				GCC_PRECOMPILE_PREFIX_HEADER = YES;
				GCC_PREFIX_HEADER = "SlowQuitApps/SlowQuitApps-Prefix.pch";
				GCC_PREPROCESSOR_DEFINITIONS = (
					"DEBUG=1",
					"$(inherited)",
				);
				INFOPLIST_FILE = "SlowQuitAppsTests/SlowQuitAppsTests-Info.plist";
				PRODUCT_BUNDLE_IDENTIFIER = "com.dteoh.${PRODUCT_NAME:rfc1034identifier}";
				PRODUCT_NAME = "$(TARGET_NAME)";
				TEST_HOST = "$(BUNDLE_LOADER)";
				WRAPPER_EXTENSION = xctest;
			};
			name = Debug;
		};
		0695049B194A81E9007AB2D5 /* Release */ = {
			isa = XCBuildConfiguration;
			buildSettings = {
				BUNDLE_LOADER = "$(BUILT_PRODUCTS_DIR)/SlowQuitApps.app/Contents/MacOS/SlowQuitApps";
				COMBINE_HIDPI_IMAGES = YES;
				FRAMEWORK_SEARCH_PATHS = (
					"$(DEVELOPER_FRAMEWORKS_DIR)",
					"$(inherited)",
				);
				GCC_PRECOMPILE_PREFIX_HEADER = YES;
				GCC_PREFIX_HEADER = "SlowQuitApps/SlowQuitApps-Prefix.pch";
				INFOPLIST_FILE = "SlowQuitAppsTests/SlowQuitAppsTests-Info.plist";
				PRODUCT_BUNDLE_IDENTIFIER = "com.dteoh.${PRODUCT_NAME:rfc1034identifier}";
				PRODUCT_NAME = "$(TARGET_NAME)";
				TEST_HOST = "$(BUNDLE_LOADER)";
				WRAPPER_EXTENSION = xctest;
			};
			name = Release;
		};
/* End XCBuildConfiguration section */

/* Begin XCConfigurationList section */
		06789FB9217C52BF001E4CCB /* Build configuration list for PBXNativeTarget "SlowQuitAppsLauncher" */ = {
			isa = XCConfigurationList;
			buildConfigurations = (
				06789FBA217C52BF001E4CCB /* Debug */,
				06789FBB217C52BF001E4CCB /* Release */,
			);
			defaultConfigurationIsVisible = 0;
			defaultConfigurationName = Release;
		};
		06950460194A81E9007AB2D5 /* Build configuration list for PBXProject "SlowQuitApps" */ = {
			isa = XCConfigurationList;
			buildConfigurations = (
				06950494194A81E9007AB2D5 /* Debug */,
				06950495194A81E9007AB2D5 /* Release */,
			);
			defaultConfigurationIsVisible = 0;
			defaultConfigurationName = Release;
		};
		06950496194A81E9007AB2D5 /* Build configuration list for PBXNativeTarget "SlowQuitApps" */ = {
			isa = XCConfigurationList;
			buildConfigurations = (
				06950497194A81E9007AB2D5 /* Debug */,
				06950498194A81E9007AB2D5 /* Release */,
			);
			defaultConfigurationIsVisible = 0;
			defaultConfigurationName = Release;
		};
		06950499194A81E9007AB2D5 /* Build configuration list for PBXNativeTarget "SlowQuitAppsTests" */ = {
			isa = XCConfigurationList;
			buildConfigurations = (
				0695049A194A81E9007AB2D5 /* Debug */,
				0695049B194A81E9007AB2D5 /* Release */,
			);
			defaultConfigurationIsVisible = 0;
			defaultConfigurationName = Release;
		};
/* End XCConfigurationList section */
	};
	rootObject = 0695045D194A81E9007AB2D5 /* Project object */;
}
